
Microsoft Visual Studio Solution File, Format Version 12.00
# Visual Studio Version 17
VisualStudioVersion = 17.9.34728.123
MinimumVisualStudioVersion = 10.0.40219.1
Project("{FAE04EC0-301F-11D3-BF4B-00C04F79EFBC}") = "workflow1", "workflow1\workflow1.csproj", "{61C3947B-8B83-4CF1-97F0-AB7BA2102698}"
EndProject
Global
	GlobalSection(SolutionConfigurationPlatforms) = preSolution
		Debug|Any CPU = Debug|Any CPU
		Release|Any CPU = Release|Any CPU
	EndGlobalSection
	GlobalSection(ProjectConfigurationPlatforms) = postSolution
		{61C3947B-8B83-4CF1-97F0-AB7BA2102698}.Debug|Any CPU.ActiveCfg = Debug|Any CPU
		{61C3947B-8B83-4CF1-97F0-AB7BA2102698}.Debug|Any CPU.Build.0 = Debug|Any CPU
		{61C3947B-8B83-4CF1-97F0-AB7BA2102698}.Release|Any CPU.ActiveCfg = Release|Any CPU
		{61C3947B-8B83-4CF1-97F0-AB7BA2102698}.Release|Any CPU.Build.0 = Release|Any CPU
	EndGlobalSection
	GlobalSection(SolutionProperties) = preSolution
		HideSolutionNode = FALSE
	EndGlobalSection
	GlobalSection(ExtensibilityGlobals) = postSolution
		SolutionGuid = {067F8E9F-9B65-475F-BF46-DD95B953C33E}
	EndGlobalSection
EndGlobal
